# THIS IS AN AUTOGENERATED FILE. DO NOT EDIT THIS FILE DIRECTLY.
# yarn lockfile v1


vuetify@^3.3.13:
  version "3.3.13"
  resolved "https://registry.yarnpkg.com/vuetify/-/vuetify-3.3.13.tgz#67fa538079746cc04f488f1d43cb2d2c5f681af3"
  integrity sha512-chZutWbKH8mhSAcCSpWrDDN6p+pBDWFzJoSPdusL0jwGTZfklkcjoWBkCAuVJsQypyxPjiTG3eOuc6aLKhv2tw==
